
Microsoft Visual Studio Solution File, Format Version 12.00
# Visual Studio Version 16
VisualStudioVersion = 16.0.31112.23
MinimumVisualStudioVersion = 10.0.40219.1
Project("{FAE04EC0-301F-11D3-BF4B-00C04F79EFBC}") = "TestEntity", "TestEntity\TestEntity.csproj", "{5D58713E-9971-449B-B7BD-C0BB76C7E76C}"
EndProject
Global
	GlobalSection(SolutionConfigurationPlatforms) = preSolution
		Debug|Any CPU = Debug|Any CPU
		Release|Any CPU = Release|Any CPU
	EndGlobalSection
	GlobalSection(ProjectConfigurationPlatforms) = postSolution
		{5D58713E-9971-449B-B7BD-C0BB76C7E76C}.Debug|Any CPU.ActiveCfg = Debug|Any CPU
		{5D58713E-9971-449B-B7BD-C0BB76C7E76C}.Debug|Any CPU.Build.0 = Debug|Any CPU
		{5D58713E-9971-449B-B7BD-C0BB76C7E76C}.Release|Any CPU.ActiveCfg = Release|Any CPU
		{5D58713E-9971-449B-B7BD-C0BB76C7E76C}.Release|Any CPU.Build.0 = Release|Any CPU
	EndGlobalSection
	GlobalSection(SolutionProperties) = preSolution
		HideSolutionNode = FALSE
	EndGlobalSection
	GlobalSection(ExtensibilityGlobals) = postSolution
		SolutionGuid = {63D9FB02-824E-4E6A-84BC-CADEBB113946}
	EndGlobalSection
EndGlobal
