
Microsoft Visual Studio Solution File, Format Version 12.00
# Visual Studio Version 16
VisualStudioVersion = 16.0.31112.23
MinimumVisualStudioVersion = 10.0.40219.1
Project("{FAE04EC0-301F-11D3-BF4B-00C04F79EFBC}") = "MVCCodeFirstCRUD", "MVCCodeFirstCRUD\MVCCodeFirstCRUD.csproj", "{D4BE31CF-68F1-4908-9870-5405700859B9}"
EndProject
Global
	GlobalSection(SolutionConfigurationPlatforms) = preSolution
		Debug|Any CPU = Debug|Any CPU
		Release|Any CPU = Release|Any CPU
	EndGlobalSection
	GlobalSection(ProjectConfigurationPlatforms) = postSolution
		{D4BE31CF-68F1-4908-9870-5405700859B9}.Debug|Any CPU.ActiveCfg = Debug|Any CPU
		{D4BE31CF-68F1-4908-9870-5405700859B9}.Debug|Any CPU.Build.0 = Debug|Any CPU
		{D4BE31CF-68F1-4908-9870-5405700859B9}.Release|Any CPU.ActiveCfg = Release|Any CPU
		{D4BE31CF-68F1-4908-9870-5405700859B9}.Release|Any CPU.Build.0 = Release|Any CPU
	EndGlobalSection
	GlobalSection(SolutionProperties) = preSolution
		HideSolutionNode = FALSE
	EndGlobalSection
	GlobalSection(ExtensibilityGlobals) = postSolution
		SolutionGuid = {3C235042-E58B-4386-97C9-850474BB7F1B}
	EndGlobalSection
EndGlobal
