
Microsoft Visual Studio Solution File, Format Version 12.00
# Visual Studio Version 16
VisualStudioVersion = 16.0.31112.23
MinimumVisualStudioVersion = 10.0.40219.1
Project("{FAE04EC0-301F-11D3-BF4B-00C04F79EFBC}") = "ASP link Button", "ASP link Button\ASP link Button.csproj", "{C87567CD-CFF3-4B65-8E38-37C986DA0D03}"
EndProject
Global
	GlobalSection(SolutionConfigurationPlatforms) = preSolution
		Debug|Any CPU = Debug|Any CPU
		Release|Any CPU = Release|Any CPU
	EndGlobalSection
	GlobalSection(ProjectConfigurationPlatforms) = postSolution
		{C87567CD-CFF3-4B65-8E38-37C986DA0D03}.Debug|Any CPU.ActiveCfg = Debug|Any CPU
		{C87567CD-CFF3-4B65-8E38-37C986DA0D03}.Debug|Any CPU.Build.0 = Debug|Any CPU
		{C87567CD-CFF3-4B65-8E38-37C986DA0D03}.Release|Any CPU.ActiveCfg = Release|Any CPU
		{C87567CD-CFF3-4B65-8E38-37C986DA0D03}.Release|Any CPU.Build.0 = Release|Any CPU
	EndGlobalSection
	GlobalSection(SolutionProperties) = preSolution
		HideSolutionNode = FALSE
	EndGlobalSection
	GlobalSection(ExtensibilityGlobals) = postSolution
		SolutionGuid = {CA11F86E-DC66-4FEE-BFD5-8EEC8B4BB40F}
	EndGlobalSection
EndGlobal
