
Microsoft Visual Studio Solution File, Format Version 12.00
# Visual Studio Version 16
VisualStudioVersion = 16.0.31112.23
MinimumVisualStudioVersion = 10.0.40219.1
Project("{FAE04EC0-301F-11D3-BF4B-00C04F79EFBC}") = "ASPMasterPage", "ASPMasterPage\ASPMasterPage.csproj", "{6932093B-6733-46C4-864E-478A6B0509B2}"
EndProject
Global
	GlobalSection(SolutionConfigurationPlatforms) = preSolution
		Debug|Any CPU = Debug|Any CPU
		Release|Any CPU = Release|Any CPU
	EndGlobalSection
	GlobalSection(ProjectConfigurationPlatforms) = postSolution
		{6932093B-6733-46C4-864E-478A6B0509B2}.Debug|Any CPU.ActiveCfg = Debug|Any CPU
		{6932093B-6733-46C4-864E-478A6B0509B2}.Debug|Any CPU.Build.0 = Debug|Any CPU
		{6932093B-6733-46C4-864E-478A6B0509B2}.Release|Any CPU.ActiveCfg = Release|Any CPU
		{6932093B-6733-46C4-864E-478A6B0509B2}.Release|Any CPU.Build.0 = Release|Any CPU
	EndGlobalSection
	GlobalSection(SolutionProperties) = preSolution
		HideSolutionNode = FALSE
	EndGlobalSection
	GlobalSection(ExtensibilityGlobals) = postSolution
		SolutionGuid = {2F984F0A-B8D2-46D7-BBF5-445F8590B11B}
	EndGlobalSection
EndGlobal
