
Microsoft Visual Studio Solution File, Format Version 12.00
# Visual Studio Version 16
VisualStudioVersion = 16.0.31112.23
MinimumVisualStudioVersion = 10.0.40219.1
Project("{FAE04EC0-301F-11D3-BF4B-00C04F79EFBC}") = "ASP User", "ASP User\ASP User.csproj", "{D16EF14E-B750-411A-9C7B-46F9D20FD227}"
EndProject
Global
	GlobalSection(SolutionConfigurationPlatforms) = preSolution
		Debug|Any CPU = Debug|Any CPU
		Release|Any CPU = Release|Any CPU
	EndGlobalSection
	GlobalSection(ProjectConfigurationPlatforms) = postSolution
		{D16EF14E-B750-411A-9C7B-46F9D20FD227}.Debug|Any CPU.ActiveCfg = Debug|Any CPU
		{D16EF14E-B750-411A-9C7B-46F9D20FD227}.Debug|Any CPU.Build.0 = Debug|Any CPU
		{D16EF14E-B750-411A-9C7B-46F9D20FD227}.Release|Any CPU.ActiveCfg = Release|Any CPU
		{D16EF14E-B750-411A-9C7B-46F9D20FD227}.Release|Any CPU.Build.0 = Release|Any CPU
	EndGlobalSection
	GlobalSection(SolutionProperties) = preSolution
		HideSolutionNode = FALSE
	EndGlobalSection
	GlobalSection(ExtensibilityGlobals) = postSolution
		SolutionGuid = {290B5F20-FCD6-4EDC-A55F-98B1B560E363}
	EndGlobalSection
EndGlobal
